{
  "name": "metamodel-api-ts",
  "version": "1.0.0",
  "lockfileVersion": 2,
  "requires": true,
  "packages": {
    "": {
      "name": "metamodel-api-ts",
      "version": "1.0.0",
      "devDependencies": {
        "@tsconfig/recommended": "^1.0.2",
        "typescript": "^5.1.6"
      },
      "peerDependencies": {
        "@modelix/ts-model-api": "8.15.4"
      }
    },
    "node_modules/@modelix/ts-model-api": {
      "version": "8.15.4",
      "resolved": "https://artifacts.itemis.cloud/repository/npm-open/@modelix/ts-model-api/-/ts-model-api-8.15.4.tgz",
      "integrity": "sha512-1+uT1uXjKj0yEU8qTiX/vgrkwFCJXq7WLrdBCj56a8fa8aJCivg5vqGWulJWmVErOlazifOVMyCmUTbdDuxSaQ==",
      "license": "Apache 2.0",
      "peer": true,
      "engines": {
        "node": ">= 10.18.1",
        "npm": ">= 6.13.4"
      }
    },
    "node_modules/@tsconfig/recommended": {
      "version": "1.0.3",
      "resolved": "https://registry.npmjs.org/@tsconfig/recommended/-/recommended-1.0.3.tgz",
      "integrity": "sha512-+jby/Guq9H8O7NWgCv6X8VAiQE8Dr/nccsCtL74xyHKhu2Knu5EAKmOZj3nLCnLm1KooUzKY+5DsnGVqhM8/wQ==",
      "dev": true
    },
    "node_modules/typescript": {
      "version": "5.2.2",
      "resolved": "https://registry.npmjs.org/typescript/-/typescript-5.2.2.tgz",
      "integrity": "sha512-mI4WrpHsbCIcwT9cF4FZvr80QUeKvsUsUvKDoR+X/7XHQH98xYD8YHZg7ANtz2GtZt/CBq2QJ0thkGJMHfqc1w==",
      "dev": true,
      "bin": {
        "tsc": "bin/tsc",
        "tsserver": "bin/tsserver"
      },
      "engines": {
        "node": ">=14.17"
      }
    }
  },
  "dependencies": {
    "@modelix/ts-model-api": {
      "version": "8.15.4",
      "resolved": "https://artifacts.itemis.cloud/repository/npm-open/@modelix/ts-model-api/-/ts-model-api-8.15.4.tgz",
      "integrity": "sha512-1+uT1uXjKj0yEU8qTiX/vgrkwFCJXq7WLrdBCj56a8fa8aJCivg5vqGWulJWmVErOlazifOVMyCmUTbdDuxSaQ==",
      "peer": true
    },
    "@tsconfig/recommended": {
      "version": "1.0.3",
      "resolved": "https://registry.npmjs.org/@tsconfig/recommended/-/recommended-1.0.3.tgz",
      "integrity": "sha512-+jby/Guq9H8O7NWgCv6X8VAiQE8Dr/nccsCtL74xyHKhu2Knu5EAKmOZj3nLCnLm1KooUzKY+5DsnGVqhM8/wQ==",
      "dev": true
    },
    "typescript": {
      "version": "5.2.2",
      "resolved": "https://registry.npmjs.org/typescript/-/typescript-5.2.2.tgz",
      "integrity": "sha512-mI4WrpHsbCIcwT9cF4FZvr80QUeKvsUsUvKDoR+X/7XHQH98xYD8YHZg7ANtz2GtZt/CBq2QJ0thkGJMHfqc1w==",
      "dev": true
    }
  }
}
